
Microsoft Visual Studio Solution File, Format Version 12.00
# Visual Studio Version 16
VisualStudioVersion = 16.0.32901.82
MinimumVisualStudioVersion = 10.0.40219.1
Project("{FAE04EC0-301F-11D3-BF4B-00C04F79EFBC}") = "StudentDetails", "StudentDetails\StudentDetails.csproj", "{55F0DE99-0BE3-4068-A628-533F6B3622B1}"
EndProject
Global
	GlobalSection(SolutionConfigurationPlatforms) = preSolution
		Debug|Any CPU = Debug|Any CPU
		Release|Any CPU = Release|Any CPU
	EndGlobalSection
	GlobalSection(ProjectConfigurationPlatforms) = postSolution
		{55F0DE99-0BE3-4068-A628-533F6B3622B1}.Debug|Any CPU.ActiveCfg = Debug|Any CPU
		{55F0DE99-0BE3-4068-A628-533F6B3622B1}.Debug|Any CPU.Build.0 = Debug|Any CPU
		{55F0DE99-0BE3-4068-A628-533F6B3622B1}.Release|Any CPU.ActiveCfg = Release|Any CPU
		{55F0DE99-0BE3-4068-A628-533F6B3622B1}.Release|Any CPU.Build.0 = Release|Any CPU
	EndGlobalSection
	GlobalSection(SolutionProperties) = preSolution
		HideSolutionNode = FALSE
	EndGlobalSection
	GlobalSection(ExtensibilityGlobals) = postSolution
		SolutionGuid = {173E7660-CF18-4905-89B0-92A9B5425838}
	EndGlobalSection
EndGlobal
